{
  "name": "demo",
  "version": "1.0.0",
  "lockfileVersion": 1,
  "requires": true,
  "dependencies": {
    "@types/node": {
      "version": "12.6.9",
      "resolved": "http://r.tnpm.oa.com/@types/node/download/@types/node-12.6.9.tgz",
      "integrity": "sha1-/+7iOv3BmrFul5M457U2/eu7rq8=",
      "dev": true
    },
    "ansi-regex": {
      "version": "3.0.0",
      "resolved": "http://r.tnpm.oa.com/ansi-regex/download/ansi-regex-3.0.0.tgz",
      "integrity": "sha1-7QMXwyIGT3lGbAKWa922Bas32Zg="
    },
    "ansi-styles": {
      "version": "3.2.1",
      "resolved": "http://r.tnpm.oa.com/ansi-styles/download/ansi-styles-3.2.1.tgz",
      "integrity": "sha1-QfuyAkPlCxK+DwS43tvwdSDOhB0=",
      "requires": {
        "color-convert": "^1.9.0"
      }
    },
    "autocannon": {
      "version": "4.0.0",
      "resolved": "http://r.tnpm.oa.com/autocannon/download/autocannon-4.0.0.tgz",
      "integrity": "sha1-kf1xn0zLA3zkyPmhCq29RuuG/go=",
      "requires": {
        "chalk": "^2.4.2",
        "cli-table3": "^0.5.1",
        "color-support": "^1.1.1",
        "cross-argv": "^1.0.0",
        "has-async-hooks": "^1.0.0",
        "hdr-histogram-js": "^1.1.4",
        "hdr-histogram-percentiles-obj": "^2.0.0",
        "http-parser-js": "^0.5.0",
        "hyperid": "^2.0.2",
        "manage-path": "^2.0.0",
        "minimist": "^1.2.0",
        "on-net-listen": "^1.1.1",
        "pretty-bytes": "^5.1.0",
        "progress": "^2.0.3",
        "reinterval": "^1.1.0",
        "retimer": "^2.0.0",
        "timestring": "^6.0.0"
      }
    },
    "autocannon-reporter": {
      "version": "0.0.6",
      "resolved": "http://r.tnpm.oa.com/autocannon-reporter/download/autocannon-reporter-0.0.6.tgz",
      "integrity": "sha1-aHcj9tR0fixZZTt355P6rTGUYUE=",
      "requires": {
        "flexboxgrid": "^6.3.0",
        "hyperscript": "^1.4.7",
        "hyperx": "^2.0.4",
        "minimist": "^1.2.0",
        "moment": "^2.14.1",
        "ndjson": "^1.4.3",
        "pretty-bytes": "^3.0.1",
        "steed": "^1.1.3"
      },
      "dependencies": {
        "pretty-bytes": {
          "version": "3.0.1",
          "resolved": "http://r.tnpm.oa.com/pretty-bytes/download/pretty-bytes-3.0.1.tgz",
          "integrity": "sha1-J9AAjXeAY6C0gRuzXHnxvV1fvM8=",
          "requires": {
            "number-is-nan": "^1.0.0"
          }
        }
      }
    },
    "base64-js": {
      "version": "1.3.1",
      "resolved": "http://r.tnpm.oa.com/base64-js/download/base64-js-1.3.1.tgz",
      "integrity": "sha1-WOzoy3XdB+ce0IxzarxfrE2/jfE="
    },
    "browser-split": {
      "version": "0.0.0",
      "resolved": "http://r.tnpm.oa.com/browser-split/download/browser-split-0.0.0.tgz",
      "integrity": "sha1-QUGcrvdpdVkp3VGJZ9PuwKYmJ3E="
    },
    "chalk": {
      "version": "2.4.2",
      "resolved": "http://r.tnpm.oa.com/chalk/download/chalk-2.4.2.tgz",
      "integrity": "sha1-zUJUFnelQzPPVBpJEIwUMrRMlCQ=",
      "requires": {
        "ansi-styles": "^3.2.1",
        "escape-string-regexp": "^1.0.5",
        "supports-color": "^5.3.0"
      }
    },
    "class-list": {
      "version": "0.1.1",
      "resolved": "http://r.tnpm.oa.com/class-list/download/class-list-0.1.1.tgz",
      "integrity": "sha1-m5dFGSxBebXaCg12M2WOPHDXlss=",
      "requires": {
        "indexof": "0.0.1"
      }
    },
    "cli-table3": {
      "version": "0.5.1",
      "resolved": "http://r.tnpm.oa.com/cli-table3/download/cli-table3-0.5.1.tgz",
      "integrity": "sha1-AlI3LZTfxA29jfBgBfSPMfZW8gI=",
      "requires": {
        "colors": "^1.1.2",
        "object-assign": "^4.1.0",
        "string-width": "^2.1.1"
      }
    },
    "color-convert": {
      "version": "1.9.3",
      "resolved": "http://r.tnpm.oa.com/color-convert/download/color-convert-1.9.3.tgz",
      "integrity": "sha1-u3GFBpDh8TZWfeYp0tVHHe2kweg=",
      "requires": {
        "color-name": "1.1.3"
      }
    },
    "color-name": {
      "version": "1.1.3",
      "resolved": "http://r.tnpm.oa.com/color-name/download/color-name-1.1.3.tgz",
      "integrity": "sha1-p9BVi9icQveV3UIyj3QIMcpTvCU="
    },
    "color-support": {
      "version": "1.1.3",
      "resolved": "http://r.tnpm.oa.com/color-support/download/color-support-1.1.3.tgz",
      "integrity": "sha1-k4NDeaHMmgxh+C9S8NBDIiUb1aI="
    },
    "colors": {
      "version": "1.3.3",
      "resolved": "http://r.tnpm.oa.com/colors/download/colors-1.3.3.tgz",
      "integrity": "sha1-OeAF1Uav4B4B+cTKj6UPaGoBIF0=",
      "optional": true
    },
    "core-util-is": {
      "version": "1.0.2",
      "resolved": "http://r.tnpm.oa.com/core-util-is/download/core-util-is-1.0.2.tgz",
      "integrity": "sha1-tf1UIgqivFq1eqtxQMlAdUUDwac="
    },
    "cross-argv": {
      "version": "1.0.0",
      "resolved": "http://r.tnpm.oa.com/cross-argv/download/cross-argv-1.0.0.tgz",
      "integrity": "sha1-5yIen/cwkqgElsaZyMRe+yD2SGw="
    },
    "dotenv": {
      "version": "8.1.0",
      "resolved": "http://r.tnpm.oa.com/dotenv/download/dotenv-8.1.0.tgz",
      "integrity": "sha1-2BHheGUr+4oeWTxt1wTsfpDYXqI="
    },
    "escape-string-regexp": {
      "version": "1.0.5",
      "resolved": "http://r.tnpm.oa.com/escape-string-regexp/download/escape-string-regexp-1.0.5.tgz",
      "integrity": "sha1-G2HAViGQqN/2rjuyzwIAyhMLhtQ="
    },
    "fastfall": {
      "version": "1.5.1",
      "resolved": "http://r.tnpm.oa.com/fastfall/download/fastfall-1.5.1.tgz",
      "integrity": "sha1-P+4DMxpJ0dObPN96XpzWb0dee5Q=",
      "requires": {
        "reusify": "^1.0.0"
      }
    },
    "fastparallel": {
      "version": "2.3.0",
      "resolved": "http://r.tnpm.oa.com/fastparallel/download/fastparallel-2.3.0.tgz",
      "integrity": "sha1-HnCb+2oDmT84V+POfwExHOdgJhM=",
      "requires": {
        "reusify": "^1.0.0",
        "xtend": "^4.0.1"
      }
    },
    "fastq": {
      "version": "1.6.0",
      "resolved": "http://r.tnpm.oa.com/fastq/download/fastq-1.6.0.tgz",
      "integrity": "sha1-Tsijj0rCXyFJJnOtt+rpz+9H0cI=",
      "requires": {
        "reusify": "^1.0.0"
      }
    },
    "fastseries": {
      "version": "1.7.2",
      "resolved": "http://r.tnpm.oa.com/fastseries/download/fastseries-1.7.2.tgz",
      "integrity": "sha1-0izhO5Qz3/M4jZHb1ri9qbIaD0s=",
      "requires": {
        "reusify": "^1.0.0",
        "xtend": "^4.0.0"
      }
    },
    "flexboxgrid": {
      "version": "6.3.1",
      "resolved": "http://r.tnpm.oa.com/flexboxgrid/download/flexboxgrid-6.3.1.tgz",
      "integrity": "sha1-6ZiYr8B7cEdyK7galYpfuk1OIP0="
    },
    "has-async-hooks": {
      "version": "1.0.0",
      "resolved": "http://r.tnpm.oa.com/has-async-hooks/download/has-async-hooks-1.0.0.tgz",
      "integrity": "sha1-PfllrejNLZ2/2s+8o+ClFSuq8gQ="
    },
    "has-flag": {
      "version": "3.0.0",
      "resolved": "http://r.tnpm.oa.com/has-flag/download/has-flag-3.0.0.tgz",
      "integrity": "sha1-tdRU3CGZriJWmfNGfloH87lVuv0="
    },
    "hdr-histogram-js": {
      "version": "1.1.4",
      "resolved": "http://r.tnpm.oa.com/hdr-histogram-js/download/hdr-histogram-js-1.1.4.tgz",
      "integrity": "sha1-dBNAJdGuHP711/ESfrdWDeKgp3M=",
      "requires": {
        "base64-js": "^1.2.0",
        "pako": "^1.0.3"
      }
    },
    "hdr-histogram-percentiles-obj": {
      "version": "2.0.1",
      "resolved": "http://r.tnpm.oa.com/hdr-histogram-percentiles-obj/download/hdr-histogram-percentiles-obj-2.0.1.tgz",
      "integrity": "sha1-ek1S+gIIcRjGZGnmtmt0+fu0TYI=",
      "requires": {
        "hdr-histogram-js": "^1.0.0"
      }
    },
    "html-element": {
      "version": "1.3.0",
      "resolved": "http://r.tnpm.oa.com/html-element/download/html-element-1.3.0.tgz",
      "integrity": "sha1-117LXa6HSx3mCgv4eUu9GYTQ8gk=",
      "requires": {
        "class-list": "~0.1.1"
      }
    },
    "http-parser-js": {
      "version": "0.5.1",
      "resolved": "http://r.tnpm.oa.com/http-parser-js/download/http-parser-js-0.5.1.tgz",
      "integrity": "sha1-axl6YibMuW5Swy6PCXO13ZI+G6A="
    },
    "hyperid": {
      "version": "2.0.2",
      "resolved": "http://r.tnpm.oa.com/hyperid/download/hyperid-2.0.2.tgz",
      "integrity": "sha1-9W2Jj4EPC3N8gUdYA+pLY1FaktU=",
      "requires": {
        "uuid": "^3.3.2",
        "uuid-parse": "^1.0.0"
      }
    },
    "hyperscript": {
      "version": "1.4.7",
      "resolved": "http://r.tnpm.oa.com/hyperscript/download/hyperscript-1.4.7.tgz",
      "integrity": "sha1-HyPYgPhDbKrCW5GnrDl0e4mnJhg=",
      "requires": {
        "browser-split": "0.0.0",
        "class-list": "~0.1.0",
        "html-element": "~1.3.0"
      }
    },
    "hyperscript-attribute-to-property": {
      "version": "1.0.2",
      "resolved": "http://r.tnpm.oa.com/hyperscript-attribute-to-property/download/hyperscript-attribute-to-property-1.0.2.tgz",
      "integrity": "sha1-Zq1BZPiL7vrPRuyIS9PRFzwcOCo="
    },
    "hyperx": {
      "version": "2.5.4",
      "resolved": "http://r.tnpm.oa.com/hyperx/download/hyperx-2.5.4.tgz",
      "integrity": "sha1-crTD7UER9kg4IhqdBAnmv8P3jZ4=",
      "requires": {
        "hyperscript-attribute-to-property": "^1.0.0"
      }
    },
    "indexof": {
      "version": "0.0.1",
      "resolved": "http://r.tnpm.oa.com/indexof/download/indexof-0.0.1.tgz",
      "integrity": "sha1-gtwzbSMrkGIXnQWrMpOmYFn9Q10="
    },
    "inherits": {
      "version": "2.0.4",
      "resolved": "http://r.tnpm.oa.com/inherits/download/inherits-2.0.4.tgz",
      "integrity": "sha1-D6LGT5MpF8NDOg3tVTY6rjdBa3w="
    },
    "is-fullwidth-code-point": {
      "version": "2.0.0",
      "resolved": "http://r.tnpm.oa.com/is-fullwidth-code-point/download/is-fullwidth-code-point-2.0.0.tgz",
      "integrity": "sha1-o7MKXE8ZkYMWeqq5O+764937ZU8="
    },
    "isarray": {
      "version": "1.0.0",
      "resolved": "http://r.tnpm.oa.com/isarray/download/isarray-1.0.0.tgz",
      "integrity": "sha1-u5NdSFgsuhaMBoNJV6VKPgcSTxE="
    },
    "json-stringify-safe": {
      "version": "5.0.1",
      "resolved": "http://r.tnpm.oa.com/json-stringify-safe/download/json-stringify-safe-5.0.1.tgz",
      "integrity": "sha1-Epai1Y/UXxmg9s4B1lcB4sc1tus="
    },
    "manage-path": {
      "version": "2.0.0",
      "resolved": "http://r.tnpm.oa.com/manage-path/download/manage-path-2.0.0.tgz",
      "integrity": "sha1-9M+EV7km7u4qg7FzUBQUvHbrlZc="
    },
    "minimist": {
      "version": "1.2.5",
      "resolved": "https://registry.npmjs.org/minimist/-/minimist-1.2.5.tgz",
      "integrity": "sha512-FM9nNUYrRBAELZQT3xeZQ7fmMOBg6nWNmJKTcgsJeaLstP/UODVpGsr5OhXhhXg6f+qtJ8uiZ+PUxkDWcgIXLw=="
    },
    "moment": {
      "version": "2.24.0",
      "resolved": "http://r.tnpm.oa.com/moment/download/moment-2.24.0.tgz",
      "integrity": "sha1-DQVdU/UFKqZTyfbraLtdEr9cK1s="
    },
    "ndjson": {
      "version": "1.5.0",
      "resolved": "http://r.tnpm.oa.com/ndjson/download/ndjson-1.5.0.tgz",
      "integrity": "sha1-rmA7NrE0vOw0e0UkIrC/mNWDLsg=",
      "requires": {
        "json-stringify-safe": "^5.0.1",
        "minimist": "^1.2.0",
        "split2": "^2.1.0",
        "through2": "^2.0.3"
      }
    },
    "number-is-nan": {
      "version": "1.0.1",
      "resolved": "http://r.tnpm.oa.com/number-is-nan/download/number-is-nan-1.0.1.tgz",
      "integrity": "sha1-CXtgK1NCKlIsGvuHkDGDNpQaAR0="
    },
    "object-assign": {
      "version": "4.1.1",
      "resolved": "http://r.tnpm.oa.com/object-assign/download/object-assign-4.1.1.tgz",
      "integrity": "sha1-IQmtx5ZYh8/AXLvUQsrIv7s2CGM="
    },
    "on-net-listen": {
      "version": "1.1.2",
      "resolved": "http://r.tnpm.oa.com/on-net-listen/download/on-net-listen-1.1.2.tgz",
      "integrity": "sha1-Zx5VqByRD6flseTVBlRenqDy4Rw="
    },
    "pako": {
      "version": "1.0.10",
      "resolved": "http://r.tnpm.oa.com/pako/download/pako-1.0.10.tgz",
      "integrity": "sha1-Qyi621CGpCaqkPVBl31JVdpclzI="
    },
    "pretty-bytes": {
      "version": "5.3.0",
      "resolved": "http://r.tnpm.oa.com/pretty-bytes/download/pretty-bytes-5.3.0.tgz",
      "integrity": "sha1-8oSeJ9t5+01s/iR2T8QTTxZZifI="
    },
    "process-nextick-args": {
      "version": "2.0.1",
      "resolved": "http://r.tnpm.oa.com/process-nextick-args/download/process-nextick-args-2.0.1.tgz",
      "integrity": "sha1-eCDZsWEgzFXKmud5JoCufbptf+I="
    },
    "progress": {
      "version": "2.0.3",
      "resolved": "http://r.tnpm.oa.com/progress/download/progress-2.0.3.tgz",
      "integrity": "sha1-foz42PW48jnBvGi+tOt4Vn1XLvg="
    },
    "readable-stream": {
      "version": "2.3.6",
      "resolved": "http://r.tnpm.oa.com/readable-stream/download/readable-stream-2.3.6.tgz",
      "integrity": "sha1-sRwn2IuP8fvgcGQ8+UsMea4bCq8=",
      "requires": {
        "core-util-is": "~1.0.0",
        "inherits": "~2.0.3",
        "isarray": "~1.0.0",
        "process-nextick-args": "~2.0.0",
        "safe-buffer": "~5.1.1",
        "string_decoder": "~1.1.1",
        "util-deprecate": "~1.0.1"
      }
    },
    "reinterval": {
      "version": "1.1.0",
      "resolved": "http://r.tnpm.oa.com/reinterval/download/reinterval-1.1.0.tgz",
      "integrity": "sha1-M2Hs+jymwYKDOA3Qu5VG85D17Oc="
    },
    "retimer": {
      "version": "2.0.0",
      "resolved": "http://r.tnpm.oa.com/retimer/download/retimer-2.0.0.tgz",
      "integrity": "sha1-6L1oxeWo7C9JzLXGNtuEwEBju8o="
    },
    "reusify": {
      "version": "1.0.4",
      "resolved": "http://r.tnpm.oa.com/reusify/download/reusify-1.0.4.tgz",
      "integrity": "sha1-kNo4Kx4SbvwCFG6QhFqI2xKSXXY="
    },
    "safe-buffer": {
      "version": "5.1.2",
      "resolved": "http://r.tnpm.oa.com/safe-buffer/download/safe-buffer-5.1.2.tgz",
      "integrity": "sha1-mR7GnSluAxN0fVm9/St0XDX4go0="
    },
    "split2": {
      "version": "2.2.0",
      "resolved": "http://r.tnpm.oa.com/split2/download/split2-2.2.0.tgz",
      "integrity": "sha1-GGsldbz4PoW30YRldWI47k7kJJM=",
      "requires": {
        "through2": "^2.0.2"
      }
    },
    "steed": {
      "version": "1.1.3",
      "resolved": "http://r.tnpm.oa.com/steed/download/steed-1.1.3.tgz",
      "integrity": "sha1-8VJd1a2xLrIb90dJU3Zo1iW5q8U=",
      "requires": {
        "fastfall": "^1.5.0",
        "fastparallel": "^2.2.0",
        "fastq": "^1.3.0",
        "fastseries": "^1.7.0",
        "reusify": "^1.0.0"
      }
    },
    "string-width": {
      "version": "2.1.1",
      "resolved": "http://r.tnpm.oa.com/string-width/download/string-width-2.1.1.tgz",
      "integrity": "sha1-q5Pyeo3BPSjKyBXEYhQ6bZASrp4=",
      "requires": {
        "is-fullwidth-code-point": "^2.0.0",
        "strip-ansi": "^4.0.0"
      }
    },
    "string_decoder": {
      "version": "1.1.1",
      "resolved": "http://r.tnpm.oa.com/string_decoder/download/string_decoder-1.1.1.tgz",
      "integrity": "sha1-nPFhG6YmhdcDCunkujQUnDrwP8g=",
      "requires": {
        "safe-buffer": "~5.1.0"
      }
    },
    "strip-ansi": {
      "version": "4.0.0",
      "resolved": "http://r.tnpm.oa.com/strip-ansi/download/strip-ansi-4.0.0.tgz",
      "integrity": "sha1-qEeQIusaw2iocTibY1JixQXuNo8=",
      "requires": {
        "ansi-regex": "^3.0.0"
      }
    },
    "supports-color": {
      "version": "5.5.0",
      "resolved": "http://r.tnpm.oa.com/supports-color/download/supports-color-5.5.0.tgz",
      "integrity": "sha1-4uaaRKyHcveKHsCzW2id9lMO/I8=",
      "requires": {
        "has-flag": "^3.0.0"
      }
    },
    "through2": {
      "version": "2.0.5",
      "resolved": "http://r.tnpm.oa.com/through2/download/through2-2.0.5.tgz",
      "integrity": "sha1-AcHjnrMdB8t9A6lqcIIyYLIxMs0=",
      "requires": {
        "readable-stream": "~2.3.6",
        "xtend": "~4.0.1"
      }
    },
    "timestring": {
      "version": "6.0.0",
      "resolved": "http://r.tnpm.oa.com/timestring/download/timestring-6.0.0.tgz",
      "integrity": "sha1-sMfDMZgezyBmzoi8+47jrjLnoPY="
    },
    "util-deprecate": {
      "version": "1.0.2",
      "resolved": "http://r.tnpm.oa.com/util-deprecate/download/util-deprecate-1.0.2.tgz",
      "integrity": "sha1-RQ1Nyfpw3nMnYvvS1KKJgUGaDM8="
    },
    "uuid": {
      "version": "3.3.2",
      "resolved": "http://r.tnpm.oa.com/uuid/download/uuid-3.3.2.tgz",
      "integrity": "sha1-G0r0lV6zB3xQHCOHL8ZROBFYcTE="
    },
    "uuid-parse": {
      "version": "1.1.0",
      "resolved": "http://r.tnpm.oa.com/uuid-parse/download/uuid-parse-1.1.0.tgz",
      "integrity": "sha1-cGHFoThK4OH5Q8U4CUWX4bXzpls="
    },
    "xtend": {
      "version": "4.0.2",
      "resolved": "http://r.tnpm.oa.com/xtend/download/xtend-4.0.2.tgz",
      "integrity": "sha1-u3J3n1+kZRhrH0OPZ0+jR/2121Q="
    }
  }
}
